
Microsoft Visual Studio Solution File, Format Version 12.00
# Visual Studio Version 17
VisualStudioVersion = 17.6.33815.320
MinimumVisualStudioVersion = 10.0.40219.1
Project("{FAE04EC0-301F-11D3-BF4B-00C04F79EFBC}") = "Law Diary", "Law Diary\Law Diary.csproj", "{C202B5A7-5014-470B-9E49-9DCACC04E46C}"
EndProject
Global
	GlobalSection(SolutionConfigurationPlatforms) = preSolution
		Debug|Any CPU = Debug|Any CPU
		Release|Any CPU = Release|Any CPU
	EndGlobalSection
	GlobalSection(ProjectConfigurationPlatforms) = postSolution
		{C202B5A7-5014-470B-9E49-9DCACC04E46C}.Debug|Any CPU.ActiveCfg = Debug|Any CPU
		{C202B5A7-5014-470B-9E49-9DCACC04E46C}.Debug|Any CPU.Build.0 = Debug|Any CPU
		{C202B5A7-5014-470B-9E49-9DCACC04E46C}.Release|Any CPU.ActiveCfg = Release|Any CPU
		{C202B5A7-5014-470B-9E49-9DCACC04E46C}.Release|Any CPU.Build.0 = Release|Any CPU
	EndGlobalSection
	GlobalSection(SolutionProperties) = preSolution
		HideSolutionNode = FALSE
	EndGlobalSection
	GlobalSection(ExtensibilityGlobals) = postSolution
		SolutionGuid = {E0EAC9AF-6CBA-4672-A086-C8AD96510390}
	EndGlobalSection
EndGlobal
